
Microsoft Visual Studio Solution File, Format Version 12.00
# Visual Studio Version 17
VisualStudioVersion = 17.6.33815.320
MinimumVisualStudioVersion = 10.0.40219.1
Project("{FAE04EC0-301F-11D3-BF4B-00C04F79EFBC}") = "POVERKA_APP", "POVERKA_APP.csproj", "{908C6D75-DCE6-4F8B-B621-6E0233125EDA}"
EndProject
Global
	GlobalSection(SolutionConfigurationPlatforms) = preSolution
		Debug|Any CPU = Debug|Any CPU
		Release|Any CPU = Release|Any CPU
	EndGlobalSection
	GlobalSection(ProjectConfigurationPlatforms) = postSolution
		{908C6D75-DCE6-4F8B-B621-6E0233125EDA}.Debug|Any CPU.ActiveCfg = Debug|Any CPU
		{908C6D75-DCE6-4F8B-B621-6E0233125EDA}.Debug|Any CPU.Build.0 = Debug|Any CPU
		{908C6D75-DCE6-4F8B-B621-6E0233125EDA}.Debug|Any CPU.Deploy.0 = Debug|Any CPU
		{908C6D75-DCE6-4F8B-B621-6E0233125EDA}.Release|Any CPU.ActiveCfg = Release|Any CPU
		{908C6D75-DCE6-4F8B-B621-6E0233125EDA}.Release|Any CPU.Build.0 = Release|Any CPU
		{908C6D75-DCE6-4F8B-B621-6E0233125EDA}.Release|Any CPU.Deploy.0 = Release|Any CPU
	EndGlobalSection
	GlobalSection(SolutionProperties) = preSolution
		HideSolutionNode = FALSE
	EndGlobalSection
	GlobalSection(ExtensibilityGlobals) = postSolution
		SolutionGuid = {633A9173-8732-4F8B-B1A1-E3D95E8D179F}
	EndGlobalSection
EndGlobal
